
Microsoft Visual Studio Solution File, Format Version 12.00
# Visual Studio Version 16
VisualStudioVersion = 16.0.31829.152
MinimumVisualStudioVersion = 10.0.40219.1
Project("{FAE04EC0-301F-11D3-BF4B-00C04F79EFBC}") = "Day19", "Day19\Day19.csproj", "{04CDFAEC-16DF-4B04-9879-435E1F137780}"
EndProject
Global
	GlobalSection(SolutionConfigurationPlatforms) = preSolution
		Debug|Any CPU = Debug|Any CPU
		Release|Any CPU = Release|Any CPU
	EndGlobalSection
	GlobalSection(ProjectConfigurationPlatforms) = postSolution
		{04CDFAEC-16DF-4B04-9879-435E1F137780}.Debug|Any CPU.ActiveCfg = Debug|Any CPU
		{04CDFAEC-16DF-4B04-9879-435E1F137780}.Debug|Any CPU.Build.0 = Debug|Any CPU
		{04CDFAEC-16DF-4B04-9879-435E1F137780}.Release|Any CPU.ActiveCfg = Release|Any CPU
		{04CDFAEC-16DF-4B04-9879-435E1F137780}.Release|Any CPU.Build.0 = Release|Any CPU
	EndGlobalSection
	GlobalSection(SolutionProperties) = preSolution
		HideSolutionNode = FALSE
	EndGlobalSection
	GlobalSection(ExtensibilityGlobals) = postSolution
		SolutionGuid = {943B9F45-825C-4040-982C-C0672E844424}
	EndGlobalSection
EndGlobal
