
Microsoft Visual Studio Solution File, Format Version 12.00
# Visual Studio Version 16
VisualStudioVersion = 16.0.31829.152
MinimumVisualStudioVersion = 10.0.40219.1
Project("{FAE04EC0-301F-11D3-BF4B-00C04F79EFBC}") = "Day15", "Day15\Day15.csproj", "{798AB3A0-A16A-4489-B4E8-AD569F05B881}"
EndProject
Global
	GlobalSection(SolutionConfigurationPlatforms) = preSolution
		Debug|Any CPU = Debug|Any CPU
		Release|Any CPU = Release|Any CPU
	EndGlobalSection
	GlobalSection(ProjectConfigurationPlatforms) = postSolution
		{798AB3A0-A16A-4489-B4E8-AD569F05B881}.Debug|Any CPU.ActiveCfg = Debug|Any CPU
		{798AB3A0-A16A-4489-B4E8-AD569F05B881}.Debug|Any CPU.Build.0 = Debug|Any CPU
		{798AB3A0-A16A-4489-B4E8-AD569F05B881}.Release|Any CPU.ActiveCfg = Release|Any CPU
		{798AB3A0-A16A-4489-B4E8-AD569F05B881}.Release|Any CPU.Build.0 = Release|Any CPU
	EndGlobalSection
	GlobalSection(SolutionProperties) = preSolution
		HideSolutionNode = FALSE
	EndGlobalSection
	GlobalSection(ExtensibilityGlobals) = postSolution
		SolutionGuid = {A37BC631-3952-4A3D-822F-7060A0A7E27C}
	EndGlobalSection
EndGlobal
